
Microsoft Visual Studio Solution File, Format Version 12.00
# Visual Studio Version 17
VisualStudioVersion = 17.13.35806.99
MinimumVisualStudioVersion = 10.0.40219.1
Project("{2150E333-8FDC-42A3-9474-1A3956D46DE8}") = "Services", "Services", "{02EA681E-C7D8-13C7-8484-4AC65E1B71E8}"
EndProject
Project("{2150E333-8FDC-42A3-9474-1A3956D46DE8}") = "Catalog", "Catalog", "{B663FCDB-E881-44C4-B879-31AE973E9051}"
EndProject
Project("{FAE04EC0-301F-11D3-BF4B-00C04F79EFBC}") = "Catalog.Api", "Services\Catalog\Catalog.Api\Catalog.Api.csproj", "{4019C485-783A-4762-91A4-DB82F4D086A4}"
EndProject
Project("{2150E333-8FDC-42A3-9474-1A3956D46DE8}") = "BuldingBlocks", "BuldingBlocks", "{16C0D99C-540D-43A8-B714-07A30AC333CD}"
EndProject
Project("{FAE04EC0-301F-11D3-BF4B-00C04F79EFBC}") = "BuildingBlocks", "BuildingBlocks\BuildingBlocks\BuildingBlocks.csproj", "{0ACEEAB8-839E-4DB4-BADF-C13061E32F67}"
EndProject
Project("{E53339B2-1760-4266-BCC7-CA923CBCF16C}") = "docker-compose", "docker-compose.dcproj", "{81DDED9D-158B-E303-5F62-77A2896D2A5A}"
EndProject
Project("{2150E333-8FDC-42A3-9474-1A3956D46DE8}") = "Basket", "Basket", "{A5395280-1B17-4CF5-AB96-59D5800D0C1A}"
EndProject
Project("{FAE04EC0-301F-11D3-BF4B-00C04F79EFBC}") = "Basket.API", "Services\Basket\Basket.API\Basket.API.csproj", "{F8999D7C-E4DF-44B5-9251-DAD6C9804AA3}"
EndProject
Project("{2150E333-8FDC-42A3-9474-1A3956D46DE8}") = "Discount", "Discount", "{5198A9CB-8F1B-4020-9971-18A9B476C0C3}"
EndProject
Project("{FAE04EC0-301F-11D3-BF4B-00C04F79EFBC}") = "Discount.Grpc", "Services\Discount\Discount.Grpc\Discount.Grpc.csproj", "{5F6D0787-E907-4D85-8982-157906C08891}"
EndProject
Project("{2150E333-8FDC-42A3-9474-1A3956D46DE8}") = "Ordering", "Ordering", "{53F87819-AE61-4952-881A-BBFEFCC2B7B4}"
EndProject
Project("{FAE04EC0-301F-11D3-BF4B-00C04F79EFBC}") = "Ordering.Api", "Services\Ordering\Ordering.Api\Ordering.Api.csproj", "{6C458C49-1865-44BF-9F8A-5BD32678678F}"
EndProject
Project("{FAE04EC0-301F-11D3-BF4B-00C04F79EFBC}") = "Ordering.Domain", "Services\Ordering\Ordering.Domain\Ordering.Domain.csproj", "{64DA2265-37B3-44F4-B48C-08BC34E5467E}"
EndProject
Project("{FAE04EC0-301F-11D3-BF4B-00C04F79EFBC}") = "Ordering.Application", "Services\Ordering\Ordering.Application\Ordering.Application.csproj", "{C6DD3BE8-F513-4DB1-9681-49A795290D39}"
EndProject
Project("{FAE04EC0-301F-11D3-BF4B-00C04F79EFBC}") = "Ordering.Infrastructure", "Services\Ordering\Ordering.Infrastructure\Ordering.Infrastructure.csproj", "{98D9E014-5F52-4CDD-B896-EDEF8F8F8F91}"
EndProject
Global
	GlobalSection(SolutionConfigurationPlatforms) = preSolution
		Debug|Any CPU = Debug|Any CPU
		Release|Any CPU = Release|Any CPU
	EndGlobalSection
	GlobalSection(ProjectConfigurationPlatforms) = postSolution
		{4019C485-783A-4762-91A4-DB82F4D086A4}.Debug|Any CPU.ActiveCfg = Debug|Any CPU
		{4019C485-783A-4762-91A4-DB82F4D086A4}.Debug|Any CPU.Build.0 = Debug|Any CPU
		{4019C485-783A-4762-91A4-DB82F4D086A4}.Release|Any CPU.ActiveCfg = Release|Any CPU
		{4019C485-783A-4762-91A4-DB82F4D086A4}.Release|Any CPU.Build.0 = Release|Any CPU
		{0ACEEAB8-839E-4DB4-BADF-C13061E32F67}.Debug|Any CPU.ActiveCfg = Debug|Any CPU
		{0ACEEAB8-839E-4DB4-BADF-C13061E32F67}.Debug|Any CPU.Build.0 = Debug|Any CPU
		{0ACEEAB8-839E-4DB4-BADF-C13061E32F67}.Release|Any CPU.ActiveCfg = Release|Any CPU
		{0ACEEAB8-839E-4DB4-BADF-C13061E32F67}.Release|Any CPU.Build.0 = Release|Any CPU
		{81DDED9D-158B-E303-5F62-77A2896D2A5A}.Debug|Any CPU.ActiveCfg = Debug|Any CPU
		{81DDED9D-158B-E303-5F62-77A2896D2A5A}.Debug|Any CPU.Build.0 = Debug|Any CPU
		{81DDED9D-158B-E303-5F62-77A2896D2A5A}.Release|Any CPU.ActiveCfg = Release|Any CPU
		{81DDED9D-158B-E303-5F62-77A2896D2A5A}.Release|Any CPU.Build.0 = Release|Any CPU
		{F8999D7C-E4DF-44B5-9251-DAD6C9804AA3}.Debug|Any CPU.ActiveCfg = Debug|Any CPU
		{F8999D7C-E4DF-44B5-9251-DAD6C9804AA3}.Debug|Any CPU.Build.0 = Debug|Any CPU
		{F8999D7C-E4DF-44B5-9251-DAD6C9804AA3}.Release|Any CPU.ActiveCfg = Release|Any CPU
		{F8999D7C-E4DF-44B5-9251-DAD6C9804AA3}.Release|Any CPU.Build.0 = Release|Any CPU
		{5F6D0787-E907-4D85-8982-157906C08891}.Debug|Any CPU.ActiveCfg = Debug|Any CPU
		{5F6D0787-E907-4D85-8982-157906C08891}.Debug|Any CPU.Build.0 = Debug|Any CPU
		{5F6D0787-E907-4D85-8982-157906C08891}.Release|Any CPU.ActiveCfg = Release|Any CPU
		{5F6D0787-E907-4D85-8982-157906C08891}.Release|Any CPU.Build.0 = Release|Any CPU
		{6C458C49-1865-44BF-9F8A-5BD32678678F}.Debug|Any CPU.ActiveCfg = Debug|Any CPU
		{6C458C49-1865-44BF-9F8A-5BD32678678F}.Debug|Any CPU.Build.0 = Debug|Any CPU
		{6C458C49-1865-44BF-9F8A-5BD32678678F}.Release|Any CPU.ActiveCfg = Release|Any CPU
		{6C458C49-1865-44BF-9F8A-5BD32678678F}.Release|Any CPU.Build.0 = Release|Any CPU
		{64DA2265-37B3-44F4-B48C-08BC34E5467E}.Debug|Any CPU.ActiveCfg = Debug|Any CPU
		{64DA2265-37B3-44F4-B48C-08BC34E5467E}.Debug|Any CPU.Build.0 = Debug|Any CPU
		{64DA2265-37B3-44F4-B48C-08BC34E5467E}.Release|Any CPU.ActiveCfg = Release|Any CPU
		{64DA2265-37B3-44F4-B48C-08BC34E5467E}.Release|Any CPU.Build.0 = Release|Any CPU
		{C6DD3BE8-F513-4DB1-9681-49A795290D39}.Debug|Any CPU.ActiveCfg = Debug|Any CPU
		{C6DD3BE8-F513-4DB1-9681-49A795290D39}.Debug|Any CPU.Build.0 = Debug|Any CPU
		{C6DD3BE8-F513-4DB1-9681-49A795290D39}.Release|Any CPU.ActiveCfg = Release|Any CPU
		{C6DD3BE8-F513-4DB1-9681-49A795290D39}.Release|Any CPU.Build.0 = Release|Any CPU
		{98D9E014-5F52-4CDD-B896-EDEF8F8F8F91}.Debug|Any CPU.ActiveCfg = Debug|Any CPU
		{98D9E014-5F52-4CDD-B896-EDEF8F8F8F91}.Debug|Any CPU.Build.0 = Debug|Any CPU
		{98D9E014-5F52-4CDD-B896-EDEF8F8F8F91}.Release|Any CPU.ActiveCfg = Release|Any CPU
		{98D9E014-5F52-4CDD-B896-EDEF8F8F8F91}.Release|Any CPU.Build.0 = Release|Any CPU
	EndGlobalSection
	GlobalSection(SolutionProperties) = preSolution
		HideSolutionNode = FALSE
	EndGlobalSection
	GlobalSection(NestedProjects) = preSolution
		{B663FCDB-E881-44C4-B879-31AE973E9051} = {02EA681E-C7D8-13C7-8484-4AC65E1B71E8}
		{4019C485-783A-4762-91A4-DB82F4D086A4} = {B663FCDB-E881-44C4-B879-31AE973E9051}
		{0ACEEAB8-839E-4DB4-BADF-C13061E32F67} = {16C0D99C-540D-43A8-B714-07A30AC333CD}
		{A5395280-1B17-4CF5-AB96-59D5800D0C1A} = {02EA681E-C7D8-13C7-8484-4AC65E1B71E8}
		{F8999D7C-E4DF-44B5-9251-DAD6C9804AA3} = {A5395280-1B17-4CF5-AB96-59D5800D0C1A}
		{5198A9CB-8F1B-4020-9971-18A9B476C0C3} = {02EA681E-C7D8-13C7-8484-4AC65E1B71E8}
		{5F6D0787-E907-4D85-8982-157906C08891} = {5198A9CB-8F1B-4020-9971-18A9B476C0C3}
		{53F87819-AE61-4952-881A-BBFEFCC2B7B4} = {02EA681E-C7D8-13C7-8484-4AC65E1B71E8}
		{6C458C49-1865-44BF-9F8A-5BD32678678F} = {53F87819-AE61-4952-881A-BBFEFCC2B7B4}
		{64DA2265-37B3-44F4-B48C-08BC34E5467E} = {53F87819-AE61-4952-881A-BBFEFCC2B7B4}
		{C6DD3BE8-F513-4DB1-9681-49A795290D39} = {53F87819-AE61-4952-881A-BBFEFCC2B7B4}
		{98D9E014-5F52-4CDD-B896-EDEF8F8F8F91} = {53F87819-AE61-4952-881A-BBFEFCC2B7B4}
	EndGlobalSection
	GlobalSection(ExtensibilityGlobals) = postSolution
		SolutionGuid = {E44C0C36-FCA5-4B37-A6EB-F65F4FA73E55}
	EndGlobalSection
EndGlobal
